
Microsoft Visual Studio Solution File, Format Version 12.00
Project("{FAE04EC0-301F-11D3-BF4B-00C04F79EFBC}") = "DSA", "DSA\DSA.csproj", "{2B046D1F-6368-43B2-A6B0-30C86E6FEDFF}"
EndProject
Global
	GlobalSection(SolutionConfigurationPlatforms) = preSolution
		Debug|Any CPU = Debug|Any CPU
		Release|Any CPU = Release|Any CPU
	EndGlobalSection
	GlobalSection(ProjectConfigurationPlatforms) = postSolution
		{2B046D1F-6368-43B2-A6B0-30C86E6FEDFF}.Debug|Any CPU.ActiveCfg = Debug|Any CPU
		{2B046D1F-6368-43B2-A6B0-30C86E6FEDFF}.Debug|Any CPU.Build.0 = Debug|Any CPU
		{2B046D1F-6368-43B2-A6B0-30C86E6FEDFF}.Release|Any CPU.ActiveCfg = Release|Any CPU
		{2B046D1F-6368-43B2-A6B0-30C86E6FEDFF}.Release|Any CPU.Build.0 = Release|Any CPU
	EndGlobalSection
EndGlobal
